// !$*UTF8*$!
{
	archiveVersion = 1;
	classes = {
	};
	objectVersion = 56;
	objects = {

/* Begin PBXBuildFile section */
		09500E422BC62B8C00CAE159 /* SeniorConnectApp.swift in Sources */ = {isa = PBXBuildFile; fileRef = 09500E412BC62B8C00CAE159 /* SeniorConnectApp.swift */; };
		09500E442BC62B8C00CAE159 /* ContentView.swift in Sources */ = {isa = PBXBuildFile; fileRef = 09500E432BC62B8C00CAE159 /* ContentView.swift */; };
		09500E462BC62B8E00CAE159 /* Assets.xcassets in Resources */ = {isa = PBXBuildFile; fileRef = 09500E452BC62B8E00CAE159 /* Assets.xcassets */; };
		09500E4A2BC62B8E00CAE159 /* Preview Assets.xcassets in Resources */ = {isa = PBXBuildFile; fileRef = 09500E492BC62B8E00CAE159 /* Preview Assets.xcassets */; };
		099656DD2BC63B9C004725E3 /* FirebaseAnalytics in Frameworks */ = {isa = PBXBuildFile; productRef = 099656DC2BC63B9C004725E3 /* FirebaseAnalytics */; };
		099656DF2BC63B9C004725E3 /* FirebaseAnalyticsSwift in Frameworks */ = {isa = PBXBuildFile; productRef = 099656DE2BC63B9C004725E3 /* FirebaseAnalyticsSwift */; };
		099656E22BC63D67004725E3 /* FirebaseAuth in Frameworks */ = {isa = PBXBuildFile; productRef = 099656E12BC63D67004725E3 /* FirebaseAuth */; };
		099656E52BC63DBD004725E3 /* AuthView.swift in Sources */ = {isa = PBXBuildFile; fileRef = 099656E42BC63DBD004725E3 /* AuthView.swift */; };
		099656E72BC63E5F004725E3 /* EmailView.swift in Sources */ = {isa = PBXBuildFile; fileRef = 099656E62BC63E5F004725E3 /* EmailView.swift */; };
		099656E92BC63F63004725E3 /* AuthManager.swift in Sources */ = {isa = PBXBuildFile; fileRef = 099656E82BC63F63004725E3 /* AuthManager.swift */; };
		099656EB2BC642B2004725E3 /* RootView.swift in Sources */ = {isa = PBXBuildFile; fileRef = 099656EA2BC642B2004725E3 /* RootView.swift */; };
		099656ED2BC64457004725E3 /* SettingsView.swift in Sources */ = {isa = PBXBuildFile; fileRef = 099656EC2BC64457004725E3 /* SettingsView.swift */; };
		099656F02BC7643F004725E3 /* GoogleSignIn in Frameworks */ = {isa = PBXBuildFile; productRef = 099656EF2BC7643F004725E3 /* GoogleSignIn */; };
		099656F22BC7643F004725E3 /* GoogleSignInSwift in Frameworks */ = {isa = PBXBuildFile; productRef = 099656F12BC7643F004725E3 /* GoogleSignInSwift */; };
		099656F52BC764F8004725E3 /* GoogleService-Info.plist in Resources */ = {isa = PBXBuildFile; fileRef = 099656F42BC764F8004725E3 /* GoogleService-Info.plist */; };
		099656F82BC767AB004725E3 /* Utilities.swift in Sources */ = {isa = PBXBuildFile; fileRef = 099656F72BC767AB004725E3 /* Utilities.swift */; };
		099656FA2BC76D8A004725E3 /* SignInGoogleHelper.swift in Sources */ = {isa = PBXBuildFile; fileRef = 099656F92BC76D8A004725E3 /* SignInGoogleHelper.swift */; };
/* End PBXBuildFile section */

/* Begin PBXFileReference section */
		09500E3E2BC62B8C00CAE159 /* SeniorConnect.app */ = {isa = PBXFileReference; explicitFileType = wrapper.application; includeInIndex = 0; path = SeniorConnect.app; sourceTree = BUILT_PRODUCTS_DIR; };
		09500E412BC62B8C00CAE159 /* SeniorConnectApp.swift */ = {isa = PBXFileReference; lastKnownFileType = sourcecode.swift; path = SeniorConnectApp.swift; sourceTree = "<group>"; };
		09500E432BC62B8C00CAE159 /* ContentView.swift */ = {isa = PBXFileReference; lastKnownFileType = sourcecode.swift; path = ContentView.swift; sourceTree = "<group>"; };
		09500E452BC62B8E00CAE159 /* Assets.xcassets */ = {isa = PBXFileReference; lastKnownFileType = folder.assetcatalog; path = Assets.xcassets; sourceTree = "<group>"; };
		09500E472BC62B8E00CAE159 /* SeniorConnect.entitlements */ = {isa = PBXFileReference; lastKnownFileType = text.plist.entitlements; path = SeniorConnect.entitlements; sourceTree = "<group>"; };
		09500E492BC62B8E00CAE159 /* Preview Assets.xcassets */ = {isa = PBXFileReference; lastKnownFileType = folder.assetcatalog; path = "Preview Assets.xcassets"; sourceTree = "<group>"; };
		099656E42BC63DBD004725E3 /* AuthView.swift */ = {isa = PBXFileReference; lastKnownFileType = sourcecode.swift; path = AuthView.swift; sourceTree = "<group>"; };
		099656E62BC63E5F004725E3 /* EmailView.swift */ = {isa = PBXFileReference; lastKnownFileType = sourcecode.swift; path = EmailView.swift; sourceTree = "<group>"; };
		099656E82BC63F63004725E3 /* AuthManager.swift */ = {isa = PBXFileReference; lastKnownFileType = sourcecode.swift; path = AuthManager.swift; sourceTree = "<group>"; };
		099656EA2BC642B2004725E3 /* RootView.swift */ = {isa = PBXFileReference; lastKnownFileType = sourcecode.swift; path = RootView.swift; sourceTree = "<group>"; };
		099656EC2BC64457004725E3 /* SettingsView.swift */ = {isa = PBXFileReference; lastKnownFileType = sourcecode.swift; path = SettingsView.swift; sourceTree = "<group>"; };
		099656F32BC7647E004725E3 /* Info.plist */ = {isa = PBXFileReference; lastKnownFileType = text.plist; path = Info.plist; sourceTree = "<group>"; };
		099656F42BC764F8004725E3 /* GoogleService-Info.plist */ = {isa = PBXFileReference; fileEncoding = 4; lastKnownFileType = text.plist.xml; name = "GoogleService-Info.plist"; path = "../../GoogleService-Info.plist"; sourceTree = "<group>"; };
		099656F72BC767AB004725E3 /* Utilities.swift */ = {isa = PBXFileReference; lastKnownFileType = sourcecode.swift; path = Utilities.swift; sourceTree = "<group>"; };
		099656F92BC76D8A004725E3 /* SignInGoogleHelper.swift */ = {isa = PBXFileReference; lastKnownFileType = sourcecode.swift; path = SignInGoogleHelper.swift; sourceTree = "<group>"; };
/* End PBXFileReference section */

/* Begin PBXFrameworksBuildPhase section */
		09500E3B2BC62B8C00CAE159 /* Frameworks */ = {
			isa = PBXFrameworksBuildPhase;
			buildActionMask = 2147483647;
			files = (
				099656F22BC7643F004725E3 /* GoogleSignInSwift in Frameworks */,
				099656DF2BC63B9C004725E3 /* FirebaseAnalyticsSwift in Frameworks */,
				099656F02BC7643F004725E3 /* GoogleSignIn in Frameworks */,
				099656E22BC63D67004725E3 /* FirebaseAuth in Frameworks */,
				099656DD2BC63B9C004725E3 /* FirebaseAnalytics in Frameworks */,
			);
			runOnlyForDeploymentPostprocessing = 0;
		};
/* End PBXFrameworksBuildPhase section */

/* Begin PBXGroup section */
		09500E352BC62B8C00CAE159 = {
			isa = PBXGroup;
			children = (
				09500E402BC62B8C00CAE159 /* SeniorConnect */,
				09500E3F2BC62B8C00CAE159 /* Products */,
				099656E02BC63D67004725E3 /* Frameworks */,
			);
			sourceTree = "<group>";
		};
		09500E3F2BC62B8C00CAE159 /* Products */ = {
			isa = PBXGroup;
			children = (
				09500E3E2BC62B8C00CAE159 /* SeniorConnect.app */,
			);
			name = Products;
			sourceTree = "<group>";
		};
		09500E402BC62B8C00CAE159 /* SeniorConnect */ = {
			isa = PBXGroup;
			children = (
				099656F32BC7647E004725E3 /* Info.plist */,
				099656F42BC764F8004725E3 /* GoogleService-Info.plist */,
				09500E412BC62B8C00CAE159 /* SeniorConnectApp.swift */,
				09500E432BC62B8C00CAE159 /* ContentView.swift */,
				099656F62BC76793004725E3 /* Utilities */,
				099656E32BC63D97004725E3 /* Authentication */,
				09500E452BC62B8E00CAE159 /* Assets.xcassets */,
				09500E472BC62B8E00CAE159 /* SeniorConnect.entitlements */,
				09500E482BC62B8E00CAE159 /* Preview Content */,
			);
			path = SeniorConnect;
			sourceTree = "<group>";
		};
		09500E482BC62B8E00CAE159 /* Preview Content */ = {
			isa = PBXGroup;
			children = (
				09500E492BC62B8E00CAE159 /* Preview Assets.xcassets */,
			);
			path = "Preview Content";
			sourceTree = "<group>";
		};
		099656E02BC63D67004725E3 /* Frameworks */ = {
			isa = PBXGroup;
			children = (
			);
			name = Frameworks;
			sourceTree = "<group>";
		};
		099656E32BC63D97004725E3 /* Authentication */ = {
			isa = PBXGroup;
			children = (
				099656E82BC63F63004725E3 /* AuthManager.swift */,
				099656EA2BC642B2004725E3 /* RootView.swift */,
				099656E42BC63DBD004725E3 /* AuthView.swift */,
				099656E62BC63E5F004725E3 /* EmailView.swift */,
				099656EC2BC64457004725E3 /* SettingsView.swift */,
				099656F92BC76D8A004725E3 /* SignInGoogleHelper.swift */,
			);
			path = Authentication;
			sourceTree = "<group>";
		};
		099656F62BC76793004725E3 /* Utilities */ = {
			isa = PBXGroup;
			children = (
				099656F72BC767AB004725E3 /* Utilities.swift */,
			);
			path = Utilities;
			sourceTree = "<group>";
		};
/* End PBXGroup section */

/* Begin PBXNativeTarget section */
		09500E3D2BC62B8C00CAE159 /* SeniorConnect */ = {
			isa = PBXNativeTarget;
			buildConfigurationList = 09500E4D2BC62B8E00CAE159 /* Build configuration list for PBXNativeTarget "SeniorConnect" */;
			buildPhases = (
				09500E3A2BC62B8C00CAE159 /* Sources */,
				09500E3B2BC62B8C00CAE159 /* Frameworks */,
				09500E3C2BC62B8C00CAE159 /* Resources */,
			);
			buildRules = (
			);
			dependencies = (
			);
			name = SeniorConnect;
			packageProductDependencies = (
				099656DC2BC63B9C004725E3 /* FirebaseAnalytics */,
				099656DE2BC63B9C004725E3 /* FirebaseAnalyticsSwift */,
				099656E12BC63D67004725E3 /* FirebaseAuth */,
				099656EF2BC7643F004725E3 /* GoogleSignIn */,
				099656F12BC7643F004725E3 /* GoogleSignInSwift */,
			);
			productName = SeniorConnect;
			productReference = 09500E3E2BC62B8C00CAE159 /* SeniorConnect.app */;
			productType = "com.apple.product-type.application";
		};
/* End PBXNativeTarget section */

/* Begin PBXProject section */
		09500E362BC62B8C00CAE159 /* Project object */ = {
			isa = PBXProject;
			attributes = {
				BuildIndependentTargetsInParallel = 1;
				LastSwiftUpdateCheck = 1420;
				LastUpgradeCheck = 1420;
				TargetAttributes = {
					09500E3D2BC62B8C00CAE159 = {
						CreatedOnToolsVersion = 14.2;
					};
				};
			};
			buildConfigurationList = 09500E392BC62B8C00CAE159 /* Build configuration list for PBXProject "SeniorConnect" */;
			compatibilityVersion = "Xcode 14.0";
			developmentRegion = en;
			hasScannedForEncodings = 0;
			knownRegions = (
				en,
				Base,
			);
			mainGroup = 09500E352BC62B8C00CAE159;
			packageReferences = (
				099656DB2BC63B9C004725E3 /* XCRemoteSwiftPackageReference "firebase-ios-sdk" */,
				099656EE2BC7643F004725E3 /* XCRemoteSwiftPackageReference "GoogleSignIn-iOS" */,
			);
			productRefGroup = 09500E3F2BC62B8C00CAE159 /* Products */;
			projectDirPath = "";
			projectRoot = "";
			targets = (
				09500E3D2BC62B8C00CAE159 /* SeniorConnect */,
			);
		};
/* End PBXProject section */

/* Begin PBXResourcesBuildPhase section */
		09500E3C2BC62B8C00CAE159 /* Resources */ = {
			isa = PBXResourcesBuildPhase;
			buildActionMask = 2147483647;
			files = (
				09500E4A2BC62B8E00CAE159 /* Preview Assets.xcassets in Resources */,
				099656F52BC764F8004725E3 /* GoogleService-Info.plist in Resources */,
				09500E462BC62B8E00CAE159 /* Assets.xcassets in Resources */,
			);
			runOnlyForDeploymentPostprocessing = 0;
		};
/* End PBXResourcesBuildPhase section */

/* Begin PBXSourcesBuildPhase section */
		09500E3A2BC62B8C00CAE159 /* Sources */ = {
			isa = PBXSourcesBuildPhase;
			buildActionMask = 2147483647;
			files = (
				099656FA2BC76D8A004725E3 /* SignInGoogleHelper.swift in Sources */,
				099656ED2BC64457004725E3 /* SettingsView.swift in Sources */,
				09500E442BC62B8C00CAE159 /* ContentView.swift in Sources */,
				099656E72BC63E5F004725E3 /* EmailView.swift in Sources */,
				099656EB2BC642B2004725E3 /* RootView.swift in Sources */,
				09500E422BC62B8C00CAE159 /* SeniorConnectApp.swift in Sources */,
				099656E52BC63DBD004725E3 /* AuthView.swift in Sources */,
				099656F82BC767AB004725E3 /* Utilities.swift in Sources */,
				099656E92BC63F63004725E3 /* AuthManager.swift in Sources */,
			);
			runOnlyForDeploymentPostprocessing = 0;
		};
/* End PBXSourcesBuildPhase section */

/* Begin XCBuildConfiguration section */
		09500E4B2BC62B8E00CAE159 /* Debug */ = {
			isa = XCBuildConfiguration;
			buildSettings = {
				ALWAYS_SEARCH_USER_PATHS = NO;
				CLANG_ANALYZER_NONNULL = YES;
				CLANG_ANALYZER_NUMBER_OBJECT_CONVERSION = YES_AGGRESSIVE;
				CLANG_CXX_LANGUAGE_STANDARD = "gnu++20";
				CLANG_ENABLE_MODULES = YES;
				CLANG_ENABLE_OBJC_ARC = YES;
				CLANG_ENABLE_OBJC_WEAK = YES;
				CLANG_WARN_BLOCK_CAPTURE_AUTORELEASING = YES;
				CLANG_WARN_BOOL_CONVERSION = YES;
				CLANG_WARN_COMMA = YES;
				CLANG_WARN_CONSTANT_CONVERSION = YES;
				CLANG_WARN_DEPRECATED_OBJC_IMPLEMENTATIONS = YES;
				CLANG_WARN_DIRECT_OBJC_ISA_USAGE = YES_ERROR;
				CLANG_WARN_DOCUMENTATION_COMMENTS = YES;
				CLANG_WARN_EMPTY_BODY = YES;
				CLANG_WARN_ENUM_CONVERSION = YES;
				CLANG_WARN_INFINITE_RECURSION = YES;
				CLANG_WARN_INT_CONVERSION = YES;
				CLANG_WARN_NON_LITERAL_NULL_CONVERSION = YES;
				CLANG_WARN_OBJC_IMPLICIT_RETAIN_SELF = YES;
				CLANG_WARN_OBJC_LITERAL_CONVERSION = YES;
				CLANG_WARN_OBJC_ROOT_CLASS = YES_ERROR;
				CLANG_WARN_QUOTED_INCLUDE_IN_FRAMEWORK_HEADER = YES;
				CLANG_WARN_RANGE_LOOP_ANALYSIS = YES;
				CLANG_WARN_STRICT_PROTOTYPES = YES;
				CLANG_WARN_SUSPICIOUS_MOVE = YES;
				CLANG_WARN_UNGUARDED_AVAILABILITY = YES_AGGRESSIVE;
				CLANG_WARN_UNREACHABLE_CODE = YES;
				CLANG_WARN__DUPLICATE_METHOD_MATCH = YES;
				COPY_PHASE_STRIP = NO;
				DEBUG_INFORMATION_FORMAT = dwarf;
				ENABLE_STRICT_OBJC_MSGSEND = YES;
				ENABLE_TESTABILITY = YES;
				GCC_C_LANGUAGE_STANDARD = gnu11;
				GCC_DYNAMIC_NO_PIC = NO;
				GCC_NO_COMMON_BLOCKS = YES;
				GCC_OPTIMIZATION_LEVEL = 0;
				GCC_PREPROCESSOR_DEFINITIONS = (
					"DEBUG=1",
					"$(inherited)",
				);
				GCC_WARN_64_TO_32_BIT_CONVERSION = YES;
				GCC_WARN_ABOUT_RETURN_TYPE = YES_ERROR;
				GCC_WARN_UNDECLARED_SELECTOR = YES;
				GCC_WARN_UNINITIALIZED_AUTOS = YES_AGGRESSIVE;
				GCC_WARN_UNUSED_FUNCTION = YES;
				GCC_WARN_UNUSED_VARIABLE = YES;
				MTL_ENABLE_DEBUG_INFO = INCLUDE_SOURCE;
				MTL_FAST_MATH = YES;
				ONLY_ACTIVE_ARCH = YES;
				SWIFT_ACTIVE_COMPILATION_CONDITIONS = DEBUG;
				SWIFT_OPTIMIZATION_LEVEL = "-Onone";
			};
			name = Debug;
		};
		09500E4C2BC62B8E00CAE159 /* Release */ = {
			isa = XCBuildConfiguration;
			buildSettings = {
				ALWAYS_SEARCH_USER_PATHS = NO;
				CLANG_ANALYZER_NONNULL = YES;
				CLANG_ANALYZER_NUMBER_OBJECT_CONVERSION = YES_AGGRESSIVE;
				CLANG_CXX_LANGUAGE_STANDARD = "gnu++20";
				CLANG_ENABLE_MODULES = YES;
				CLANG_ENABLE_OBJC_ARC = YES;
				CLANG_ENABLE_OBJC_WEAK = YES;
				CLANG_WARN_BLOCK_CAPTURE_AUTORELEASING = YES;
				CLANG_WARN_BOOL_CONVERSION = YES;
				CLANG_WARN_COMMA = YES;
				CLANG_WARN_CONSTANT_CONVERSION = YES;
				CLANG_WARN_DEPRECATED_OBJC_IMPLEMENTATIONS = YES;
				CLANG_WARN_DIRECT_OBJC_ISA_USAGE = YES_ERROR;
				CLANG_WARN_DOCUMENTATION_COMMENTS = YES;
				CLANG_WARN_EMPTY_BODY = YES;
				CLANG_WARN_ENUM_CONVERSION = YES;
				CLANG_WARN_INFINITE_RECURSION = YES;
				CLANG_WARN_INT_CONVERSION = YES;
				CLANG_WARN_NON_LITERAL_NULL_CONVERSION = YES;
				CLANG_WARN_OBJC_IMPLICIT_RETAIN_SELF = YES;
				CLANG_WARN_OBJC_LITERAL_CONVERSION = YES;
				CLANG_WARN_OBJC_ROOT_CLASS = YES_ERROR;
				CLANG_WARN_QUOTED_INCLUDE_IN_FRAMEWORK_HEADER = YES;
				CLANG_WARN_RANGE_LOOP_ANALYSIS = YES;
				CLANG_WARN_STRICT_PROTOTYPES = YES;
				CLANG_WARN_SUSPICIOUS_MOVE = YES;
				CLANG_WARN_UNGUARDED_AVAILABILITY = YES_AGGRESSIVE;
				CLANG_WARN_UNREACHABLE_CODE = YES;
				CLANG_WARN__DUPLICATE_METHOD_MATCH = YES;
				COPY_PHASE_STRIP = NO;
				DEBUG_INFORMATION_FORMAT = "dwarf-with-dsym";
				ENABLE_NS_ASSERTIONS = NO;
				ENABLE_STRICT_OBJC_MSGSEND = YES;
				GCC_C_LANGUAGE_STANDARD = gnu11;
				GCC_NO_COMMON_BLOCKS = YES;
				GCC_WARN_64_TO_32_BIT_CONVERSION = YES;
				GCC_WARN_ABOUT_RETURN_TYPE = YES_ERROR;
				GCC_WARN_UNDECLARED_SELECTOR = YES;
				GCC_WARN_UNINITIALIZED_AUTOS = YES_AGGRESSIVE;
				GCC_WARN_UNUSED_FUNCTION = YES;
				GCC_WARN_UNUSED_VARIABLE = YES;
				MTL_ENABLE_DEBUG_INFO = NO;
				MTL_FAST_MATH = YES;
				SWIFT_COMPILATION_MODE = wholemodule;
				SWIFT_OPTIMIZATION_LEVEL = "-O";
			};
			name = Release;
		};
		09500E4E2BC62B8E00CAE159 /* Debug */ = {
			isa = XCBuildConfiguration;
			buildSettings = {
				ASSETCATALOG_COMPILER_APPICON_NAME = AppIcon;
				ASSETCATALOG_COMPILER_GLOBAL_ACCENT_COLOR_NAME = AccentColor;
				ASSETCATALOG_COMPILER_INCLUDE_ALL_APPICON_ASSETS = NO;
				CODE_SIGN_ENTITLEMENTS = SeniorConnect/SeniorConnect.entitlements;
				CODE_SIGN_IDENTITY = "iPhone Distribution: Johnny Jiang (8QU55Y2Y7Q)";
				CODE_SIGN_STYLE = Manual;
				CURRENT_PROJECT_VERSION = 1;
				DEVELOPMENT_ASSET_PATHS = "\"SeniorConnect/Preview Content\"";
				DEVELOPMENT_TEAM = "";
				"DEVELOPMENT_TEAM[sdk=iphoneos*]" = 8QU55Y2Y7Q;
				ENABLE_PREVIEWS = YES;
				GENERATE_INFOPLIST_FILE = YES;
				INFOPLIST_FILE = SeniorConnect/Info.plist;
				INFOPLIST_KEY_CFBundleDisplayName = "Senior Connect";
				INFOPLIST_KEY_LSApplicationCategoryType = "public.app-category.social-networking";
				"INFOPLIST_KEY_UIApplicationSceneManifest_Generation[sdk=iphoneos*]" = YES;
				"INFOPLIST_KEY_UIApplicationSceneManifest_Generation[sdk=iphonesimulator*]" = YES;
				"INFOPLIST_KEY_UIApplicationSupportsIndirectInputEvents[sdk=iphoneos*]" = YES;
				"INFOPLIST_KEY_UIApplicationSupportsIndirectInputEvents[sdk=iphonesimulator*]" = YES;
				"INFOPLIST_KEY_UILaunchScreen_Generation[sdk=iphoneos*]" = YES;
				"INFOPLIST_KEY_UILaunchScreen_Generation[sdk=iphonesimulator*]" = YES;
				"INFOPLIST_KEY_UIStatusBarStyle[sdk=iphoneos*]" = UIStatusBarStyleDefault;
				"INFOPLIST_KEY_UIStatusBarStyle[sdk=iphonesimulator*]" = UIStatusBarStyleDefault;
				INFOPLIST_KEY_UISupportedInterfaceOrientations = UIInterfaceOrientationPortrait;
				IPHONEOS_DEPLOYMENT_TARGET = 16.2;
				LD_RUNPATH_SEARCH_PATHS = "@executable_path/Frameworks";
				"LD_RUNPATH_SEARCH_PATHS[sdk=macosx*]" = "@executable_path/../Frameworks";
				MACOSX_DEPLOYMENT_TARGET = 12.7;
				MARKETING_VERSION = 1.0;
				PRODUCT_BUNDLE_IDENTIFIER = com.bachi.seniorconnect;
				PRODUCT_NAME = "$(TARGET_NAME)";
				PROVISIONING_PROFILE_SPECIFIER = "";
				"PROVISIONING_PROFILE_SPECIFIER[sdk=iphoneos*]" = seniorconnectprovisioningprofile;
				SDKROOT = auto;
				SUPPORTED_PLATFORMS = "iphoneos iphonesimulator";
				SUPPORTS_MACCATALYST = NO;
				SUPPORTS_MAC_DESIGNED_FOR_IPHONE_IPAD = NO;
				SWIFT_EMIT_LOC_STRINGS = YES;
				SWIFT_VERSION = 5.0;
				TARGETED_DEVICE_FAMILY = "1,2";
			};
			name = Debug;
		};
		09500E4F2BC62B8E00CAE159 /* Release */ = {
			isa = XCBuildConfiguration;
			buildSettings = {
				ASSETCATALOG_COMPILER_APPICON_NAME = AppIcon;
				ASSETCATALOG_COMPILER_GLOBAL_ACCENT_COLOR_NAME = AccentColor;
				ASSETCATALOG_COMPILER_INCLUDE_ALL_APPICON_ASSETS = NO;
				CODE_SIGN_ENTITLEMENTS = SeniorConnect/SeniorConnect.entitlements;
				CODE_SIGN_IDENTITY = "iPhone Distribution: Johnny Jiang (8QU55Y2Y7Q)";
				CODE_SIGN_STYLE = Manual;
				CURRENT_PROJECT_VERSION = 1;
				DEVELOPMENT_ASSET_PATHS = "\"SeniorConnect/Preview Content\"";
				DEVELOPMENT_TEAM = "";
				"DEVELOPMENT_TEAM[sdk=iphoneos*]" = 8QU55Y2Y7Q;
				ENABLE_PREVIEWS = YES;
				GENERATE_INFOPLIST_FILE = YES;
				INFOPLIST_FILE = SeniorConnect/Info.plist;
				INFOPLIST_KEY_CFBundleDisplayName = "Senior Connect";
				INFOPLIST_KEY_LSApplicationCategoryType = "public.app-category.social-networking";
				"INFOPLIST_KEY_UIApplicationSceneManifest_Generation[sdk=iphoneos*]" = YES;
				"INFOPLIST_KEY_UIApplicationSceneManifest_Generation[sdk=iphonesimulator*]" = YES;
				"INFOPLIST_KEY_UIApplicationSupportsIndirectInputEvents[sdk=iphoneos*]" = YES;
				"INFOPLIST_KEY_UIApplicationSupportsIndirectInputEvents[sdk=iphonesimulator*]" = YES;
				"INFOPLIST_KEY_UILaunchScreen_Generation[sdk=iphoneos*]" = YES;
				"INFOPLIST_KEY_UILaunchScreen_Generation[sdk=iphonesimulator*]" = YES;
				"INFOPLIST_KEY_UIStatusBarStyle[sdk=iphoneos*]" = UIStatusBarStyleDefault;
				"INFOPLIST_KEY_UIStatusBarStyle[sdk=iphonesimulator*]" = UIStatusBarStyleDefault;
				INFOPLIST_KEY_UISupportedInterfaceOrientations = UIInterfaceOrientationPortrait;
				IPHONEOS_DEPLOYMENT_TARGET = 16.2;
				LD_RUNPATH_SEARCH_PATHS = "@executable_path/Frameworks";
				"LD_RUNPATH_SEARCH_PATHS[sdk=macosx*]" = "@executable_path/../Frameworks";
				MACOSX_DEPLOYMENT_TARGET = 12.7;
				MARKETING_VERSION = 1.0;
				PRODUCT_BUNDLE_IDENTIFIER = com.bachi.seniorconnect;
				PRODUCT_NAME = "$(TARGET_NAME)";
				PROVISIONING_PROFILE_SPECIFIER = "";
				"PROVISIONING_PROFILE_SPECIFIER[sdk=iphoneos*]" = seniorconnectprovisioningprofile;
				SDKROOT = auto;
				SUPPORTED_PLATFORMS = "iphoneos iphonesimulator";
				SUPPORTS_MACCATALYST = NO;
				SUPPORTS_MAC_DESIGNED_FOR_IPHONE_IPAD = NO;
				SWIFT_EMIT_LOC_STRINGS = YES;
				SWIFT_VERSION = 5.0;
				TARGETED_DEVICE_FAMILY = "1,2";
			};
			name = Release;
		};
/* End XCBuildConfiguration section */

/* Begin XCConfigurationList section */
		09500E392BC62B8C00CAE159 /* Build configuration list for PBXProject "SeniorConnect" */ = {
			isa = XCConfigurationList;
			buildConfigurations = (
				09500E4B2BC62B8E00CAE159 /* Debug */,
				09500E4C2BC62B8E00CAE159 /* Release */,
			);
			defaultConfigurationIsVisible = 0;
			defaultConfigurationName = Release;
		};
		09500E4D2BC62B8E00CAE159 /* Build configuration list for PBXNativeTarget "SeniorConnect" */ = {
			isa = XCConfigurationList;
			buildConfigurations = (
				09500E4E2BC62B8E00CAE159 /* Debug */,
				09500E4F2BC62B8E00CAE159 /* Release */,
			);
			defaultConfigurationIsVisible = 0;
			defaultConfigurationName = Release;
		};
/* End XCConfigurationList section */

/* Begin XCRemoteSwiftPackageReference section */
		099656DB2BC63B9C004725E3 /* XCRemoteSwiftPackageReference "firebase-ios-sdk" */ = {
			isa = XCRemoteSwiftPackageReference;
			repositoryURL = "https://github.com/firebase/firebase-ios-sdk";
			requirement = {
				kind = exactVersion;
				version = 10.24.0;
			};
		};
		099656EE2BC7643F004725E3 /* XCRemoteSwiftPackageReference "GoogleSignIn-iOS" */ = {
			isa = XCRemoteSwiftPackageReference;
			repositoryURL = "https://github.com/google/GoogleSignIn-iOS";
			requirement = {
				kind = upToNextMajorVersion;
				minimumVersion = 7.0.0;
			};
		};
/* End XCRemoteSwiftPackageReference section */

/* Begin XCSwiftPackageProductDependency section */
		099656DC2BC63B9C004725E3 /* FirebaseAnalytics */ = {
			isa = XCSwiftPackageProductDependency;
			package = 099656DB2BC63B9C004725E3 /* XCRemoteSwiftPackageReference "firebase-ios-sdk" */;
			productName = FirebaseAnalytics;
		};
		099656DE2BC63B9C004725E3 /* FirebaseAnalyticsSwift */ = {
			isa = XCSwiftPackageProductDependency;
			package = 099656DB2BC63B9C004725E3 /* XCRemoteSwiftPackageReference "firebase-ios-sdk" */;
			productName = FirebaseAnalyticsSwift;
		};
		099656E12BC63D67004725E3 /* FirebaseAuth */ = {
			isa = XCSwiftPackageProductDependency;
			package = 099656DB2BC63B9C004725E3 /* XCRemoteSwiftPackageReference "firebase-ios-sdk" */;
			productName = FirebaseAuth;
		};
		099656EF2BC7643F004725E3 /* GoogleSignIn */ = {
			isa = XCSwiftPackageProductDependency;
			package = 099656EE2BC7643F004725E3 /* XCRemoteSwiftPackageReference "GoogleSignIn-iOS" */;
			productName = GoogleSignIn;
		};
		099656F12BC7643F004725E3 /* GoogleSignInSwift */ = {
			isa = XCSwiftPackageProductDependency;
			package = 099656EE2BC7643F004725E3 /* XCRemoteSwiftPackageReference "GoogleSignIn-iOS" */;
			productName = GoogleSignInSwift;
		};
/* End XCSwiftPackageProductDependency section */
	};
	rootObject = 09500E362BC62B8C00CAE159 /* Project object */;
}
